// !$*UTF8*$!
{
	archiveVersion = 1;
	classes = {
	};
	objectVersion = 50;
	objects = {

/* Begin PBXBuildFile section */
		0312DFFB236B233100A8DD2B /* AppDelegate.swift in Sources */ = {isa = PBXBuildFile; fileRef = 0312DFFA236B233100A8DD2B /* AppDelegate.swift */; };
		0312DFFD236B233100A8DD2B /* ContentView.swift in Sources */ = {isa = PBXBuildFile; fileRef = 0312DFFC236B233100A8DD2B /* ContentView.swift */; };
		0312DFFF236B233200A8DD2B /* Assets.xcassets in Resources */ = {isa = PBXBuildFile; fileRef = 0312DFFE236B233200A8DD2B /* Assets.xcassets */; };
		0312E002236B233200A8DD2B /* Preview Assets.xcassets in Resources */ = {isa = PBXBuildFile; fileRef = 0312E001236B233200A8DD2B /* Preview Assets.xcassets */; };
		0312E005236B233200A8DD2B /* Main.storyboard in Resources */ = {isa = PBXBuildFile; fileRef = 0312E003236B233200A8DD2B /* Main.storyboard */; };
		03133AC1236C283600E86E0F /* AppDelegate.swift in Sources */ = {isa = PBXBuildFile; fileRef = 03133AC0236C283600E86E0F /* AppDelegate.swift */; };
		03133AC3236C283600E86E0F /* SceneDelegate.swift in Sources */ = {isa = PBXBuildFile; fileRef = 03133AC2236C283600E86E0F /* SceneDelegate.swift */; };
		03133AC5236C283600E86E0F /* ContentView.swift in Sources */ = {isa = PBXBuildFile; fileRef = 03133AC4236C283600E86E0F /* ContentView.swift */; };
		03133AC7236C283700E86E0F /* Assets.xcassets in Resources */ = {isa = PBXBuildFile; fileRef = 03133AC6236C283700E86E0F /* Assets.xcassets */; };
		03133ACA236C283700E86E0F /* Preview Assets.xcassets in Resources */ = {isa = PBXBuildFile; fileRef = 03133AC9236C283700E86E0F /* Preview Assets.xcassets */; };
		03133ACD236C283700E86E0F /* LaunchScreen.storyboard in Resources */ = {isa = PBXBuildFile; fileRef = 03133ACB236C283700E86E0F /* LaunchScreen.storyboard */; };
		03133AD3236C285D00E86E0F /* Connector.swift in Sources */ = {isa = PBXBuildFile; fileRef = 03133AD2236C285D00E86E0F /* Connector.swift */; };
		03133AD4236C285D00E86E0F /* Connector.swift in Sources */ = {isa = PBXBuildFile; fileRef = 03133AD2236C285D00E86E0F /* Connector.swift */; };
/* End PBXBuildFile section */

/* Begin PBXFileReference section */
		0312DFF7236B233100A8DD2B /* wifi192.app */ = {isa = PBXFileReference; explicitFileType = wrapper.application; includeInIndex = 0; path = wifi192.app; sourceTree = BUILT_PRODUCTS_DIR; };
		0312DFFA236B233100A8DD2B /* AppDelegate.swift */ = {isa = PBXFileReference; lastKnownFileType = sourcecode.swift; path = AppDelegate.swift; sourceTree = "<group>"; };
		0312DFFC236B233100A8DD2B /* ContentView.swift */ = {isa = PBXFileReference; lastKnownFileType = sourcecode.swift; path = ContentView.swift; sourceTree = "<group>"; };
		0312DFFE236B233200A8DD2B /* Assets.xcassets */ = {isa = PBXFileReference; lastKnownFileType = folder.assetcatalog; path = Assets.xcassets; sourceTree = "<group>"; };
		0312E001236B233200A8DD2B /* Preview Assets.xcassets */ = {isa = PBXFileReference; lastKnownFileType = folder.assetcatalog; path = "Preview Assets.xcassets"; sourceTree = "<group>"; };
		0312E004236B233200A8DD2B /* Base */ = {isa = PBXFileReference; lastKnownFileType = file.storyboard; name = Base; path = Base.lproj/Main.storyboard; sourceTree = "<group>"; };
		0312E006236B233200A8DD2B /* Info.plist */ = {isa = PBXFileReference; lastKnownFileType = text.plist.xml; path = Info.plist; sourceTree = "<group>"; };
		0312E007236B233200A8DD2B /* wifi192.entitlements */ = {isa = PBXFileReference; lastKnownFileType = text.plist.entitlements; path = wifi192.entitlements; sourceTree = "<group>"; };
		03133ABE236C283600E86E0F /* wifi192-ios.app */ = {isa = PBXFileReference; explicitFileType = wrapper.application; includeInIndex = 0; path = "wifi192-ios.app"; sourceTree = BUILT_PRODUCTS_DIR; };
		03133AC0236C283600E86E0F /* AppDelegate.swift */ = {isa = PBXFileReference; lastKnownFileType = sourcecode.swift; path = AppDelegate.swift; sourceTree = "<group>"; };
		03133AC2236C283600E86E0F /* SceneDelegate.swift */ = {isa = PBXFileReference; lastKnownFileType = sourcecode.swift; path = SceneDelegate.swift; sourceTree = "<group>"; };
		03133AC4236C283600E86E0F /* ContentView.swift */ = {isa = PBXFileReference; lastKnownFileType = sourcecode.swift; path = ContentView.swift; sourceTree = "<group>"; };
		03133AC6236C283700E86E0F /* Assets.xcassets */ = {isa = PBXFileReference; lastKnownFileType = folder.assetcatalog; path = Assets.xcassets; sourceTree = "<group>"; };
		03133AC9236C283700E86E0F /* Preview Assets.xcassets */ = {isa = PBXFileReference; lastKnownFileType = folder.assetcatalog; path = "Preview Assets.xcassets"; sourceTree = "<group>"; };
		03133ACC236C283700E86E0F /* Base */ = {isa = PBXFileReference; lastKnownFileType = file.storyboard; name = Base; path = Base.lproj/LaunchScreen.storyboard; sourceTree = "<group>"; };
		03133ACE236C283700E86E0F /* Info.plist */ = {isa = PBXFileReference; lastKnownFileType = text.plist.xml; path = Info.plist; sourceTree = "<group>"; };
		03133AD2236C285D00E86E0F /* Connector.swift */ = {isa = PBXFileReference; lastKnownFileType = sourcecode.swift; path = Connector.swift; sourceTree = "<group>"; };
/* End PBXFileReference section */

/* Begin PBXFrameworksBuildPhase section */
		0312DFF4236B233100A8DD2B /* Frameworks */ = {
			isa = PBXFrameworksBuildPhase;
			buildActionMask = 2147483647;
			files = (
			);
			runOnlyForDeploymentPostprocessing = 0;
		};
		03133ABB236C283600E86E0F /* Frameworks */ = {
			isa = PBXFrameworksBuildPhase;
			buildActionMask = 2147483647;
			files = (
			);
			runOnlyForDeploymentPostprocessing = 0;
		};
/* End PBXFrameworksBuildPhase section */

/* Begin PBXGroup section */
		0312DFEE236B233100A8DD2B = {
			isa = PBXGroup;
			children = (
				03133AD2236C285D00E86E0F /* Connector.swift */,
				0312DFF9236B233100A8DD2B /* wifi192 */,
				03133ABF236C283600E86E0F /* wifi192-ios */,
				0312DFF8236B233100A8DD2B /* Products */,
			);
			sourceTree = "<group>";
		};
		0312DFF8236B233100A8DD2B /* Products */ = {
			isa = PBXGroup;
			children = (
				0312DFF7236B233100A8DD2B /* wifi192.app */,
				03133ABE236C283600E86E0F /* wifi192-ios.app */,
			);
			name = Products;
			sourceTree = "<group>";
		};
		0312DFF9236B233100A8DD2B /* wifi192 */ = {
			isa = PBXGroup;
			children = (
				0312DFFA236B233100A8DD2B /* AppDelegate.swift */,
				0312DFFC236B233100A8DD2B /* ContentView.swift */,
				0312DFFE236B233200A8DD2B /* Assets.xcassets */,
				0312E003236B233200A8DD2B /* Main.storyboard */,
				0312E006236B233200A8DD2B /* Info.plist */,
				0312E007236B233200A8DD2B /* wifi192.entitlements */,
				0312E000236B233200A8DD2B /* Preview Content */,
			);
			path = wifi192;
			sourceTree = "<group>";
		};
		0312E000236B233200A8DD2B /* Preview Content */ = {
			isa = PBXGroup;
			children = (
				0312E001236B233200A8DD2B /* Preview Assets.xcassets */,
			);
			path = "Preview Content";
			sourceTree = "<group>";
		};
		03133ABF236C283600E86E0F /* wifi192-ios */ = {
			isa = PBXGroup;
			children = (
				03133AC0236C283600E86E0F /* AppDelegate.swift */,
				03133AC2236C283600E86E0F /* SceneDelegate.swift */,
				03133AC4236C283600E86E0F /* ContentView.swift */,
				03133AC6236C283700E86E0F /* Assets.xcassets */,
				03133ACB236C283700E86E0F /* LaunchScreen.storyboard */,
				03133ACE236C283700E86E0F /* Info.plist */,
				03133AC8236C283700E86E0F /* Preview Content */,
			);
			path = "wifi192-ios";
			sourceTree = "<group>";
		};
		03133AC8236C283700E86E0F /* Preview Content */ = {
			isa = PBXGroup;
			children = (
				03133AC9236C283700E86E0F /* Preview Assets.xcassets */,
			);
			path = "Preview Content";
			sourceTree = "<group>";
		};
/* End PBXGroup section */

/* Begin PBXNativeTarget section */
		0312DFF6236B233100A8DD2B /* wifi192 */ = {
			isa = PBXNativeTarget;
			buildConfigurationList = 0312E00A236B233200A8DD2B /* Build configuration list for PBXNativeTarget "wifi192" */;
			buildPhases = (
				0312DFF3236B233100A8DD2B /* Sources */,
				0312DFF4236B233100A8DD2B /* Frameworks */,
				0312DFF5236B233100A8DD2B /* Resources */,
			);
			buildRules = (
			);
			dependencies = (
			);
			name = wifi192;
			productName = wifi192;
			productReference = 0312DFF7236B233100A8DD2B /* wifi192.app */;
			productType = "com.apple.product-type.application";
		};
		03133ABD236C283600E86E0F /* wifi192-ios */ = {
			isa = PBXNativeTarget;
			buildConfigurationList = 03133AD1236C283700E86E0F /* Build configuration list for PBXNativeTarget "wifi192-ios" */;
			buildPhases = (
				03133ABA236C283600E86E0F /* Sources */,
				03133ABB236C283600E86E0F /* Frameworks */,
				03133ABC236C283600E86E0F /* Resources */,
			);
			buildRules = (
			);
			dependencies = (
			);
			name = "wifi192-ios";
			productName = "wifi192-ios";
			productReference = 03133ABE236C283600E86E0F /* wifi192-ios.app */;
			productType = "com.apple.product-type.application";
		};
/* End PBXNativeTarget section */

/* Begin PBXProject section */
		0312DFEF236B233100A8DD2B /* Project object */ = {
			isa = PBXProject;
			attributes = {
				LastSwiftUpdateCheck = 1110;
				LastUpgradeCheck = 1110;
				ORGANIZATIONNAME = saytakov;
				TargetAttributes = {
					0312DFF6236B233100A8DD2B = {
						CreatedOnToolsVersion = 11.1;
					};
					03133ABD236C283600E86E0F = {
						CreatedOnToolsVersion = 11.1;
					};
				};
			};
			buildConfigurationList = 0312DFF2236B233100A8DD2B /* Build configuration list for PBXProject "wifi192" */;
			compatibilityVersion = "Xcode 9.3";
			developmentRegion = en;
			hasScannedForEncodings = 0;
			knownRegions = (
				en,
				Base,
			);
			mainGroup = 0312DFEE236B233100A8DD2B;
			productRefGroup = 0312DFF8236B233100A8DD2B /* Products */;
			projectDirPath = "";
			projectRoot = "";
			targets = (
				0312DFF6236B233100A8DD2B /* wifi192 */,
				03133ABD236C283600E86E0F /* wifi192-ios */,
			);
		};
/* End PBXProject section */

/* Begin PBXResourcesBuildPhase section */
		0312DFF5236B233100A8DD2B /* Resources */ = {
			isa = PBXResourcesBuildPhase;
			buildActionMask = 2147483647;
			files = (
				0312E005236B233200A8DD2B /* Main.storyboard in Resources */,
				0312E002236B233200A8DD2B /* Preview Assets.xcassets in Resources */,
				0312DFFF236B233200A8DD2B /* Assets.xcassets in Resources */,
			);
			runOnlyForDeploymentPostprocessing = 0;
		};
		03133ABC236C283600E86E0F /* Resources */ = {
			isa = PBXResourcesBuildPhase;
			buildActionMask = 2147483647;
			files = (
				03133ACD236C283700E86E0F /* LaunchScreen.storyboard in Resources */,
				03133ACA236C283700E86E0F /* Preview Assets.xcassets in Resources */,
				03133AC7236C283700E86E0F /* Assets.xcassets in Resources */,
			);
			runOnlyForDeploymentPostprocessing = 0;
		};
/* End PBXResourcesBuildPhase section */

/* Begin PBXSourcesBuildPhase section */
		0312DFF3236B233100A8DD2B /* Sources */ = {
			isa = PBXSourcesBuildPhase;
			buildActionMask = 2147483647;
			files = (
				0312DFFD236B233100A8DD2B /* ContentView.swift in Sources */,
				0312DFFB236B233100A8DD2B /* AppDelegate.swift in Sources */,
				03133AD3236C285D00E86E0F /* Connector.swift in Sources */,
			);
			runOnlyForDeploymentPostprocessing = 0;
		};
		03133ABA236C283600E86E0F /* Sources */ = {
			isa = PBXSourcesBuildPhase;
			buildActionMask = 2147483647;
			files = (
				03133AC1236C283600E86E0F /* AppDelegate.swift in Sources */,
				03133AD4236C285D00E86E0F /* Connector.swift in Sources */,
				03133AC3236C283600E86E0F /* SceneDelegate.swift in Sources */,
				03133AC5236C283600E86E0F /* ContentView.swift in Sources */,
			);
			runOnlyForDeploymentPostprocessing = 0;
		};
/* End PBXSourcesBuildPhase section */

/* Begin PBXVariantGroup section */
		0312E003236B233200A8DD2B /* Main.storyboard */ = {
			isa = PBXVariantGroup;
			children = (
				0312E004236B233200A8DD2B /* Base */,
			);
			name = Main.storyboard;
			sourceTree = "<group>";
		};
		03133ACB236C283700E86E0F /* LaunchScreen.storyboard */ = {
			isa = PBXVariantGroup;
			children = (
				03133ACC236C283700E86E0F /* Base */,
			);
			name = LaunchScreen.storyboard;
			sourceTree = "<group>";
		};
/* End PBXVariantGroup section */

/* Begin XCBuildConfiguration section */
		0312E008236B233200A8DD2B /* Debug */ = {
			isa = XCBuildConfiguration;
			buildSettings = {
				ALWAYS_SEARCH_USER_PATHS = NO;
				CLANG_ANALYZER_NONNULL = YES;
				CLANG_ANALYZER_NUMBER_OBJECT_CONVERSION = YES_AGGRESSIVE;
				CLANG_CXX_LANGUAGE_STANDARD = "gnu++14";
				CLANG_CXX_LIBRARY = "libc++";
				CLANG_ENABLE_MODULES = YES;
				CLANG_ENABLE_OBJC_ARC = YES;
				CLANG_ENABLE_OBJC_WEAK = YES;
				CLANG_WARN_BLOCK_CAPTURE_AUTORELEASING = YES;
				CLANG_WARN_BOOL_CONVERSION = YES;
				CLANG_WARN_COMMA = YES;
				CLANG_WARN_CONSTANT_CONVERSION = YES;
				CLANG_WARN_DEPRECATED_OBJC_IMPLEMENTATIONS = YES;
				CLANG_WARN_DIRECT_OBJC_ISA_USAGE = YES_ERROR;
				CLANG_WARN_DOCUMENTATION_COMMENTS = YES;
				CLANG_WARN_EMPTY_BODY = YES;
				CLANG_WARN_ENUM_CONVERSION = YES;
				CLANG_WARN_INFINITE_RECURSION = YES;
				CLANG_WARN_INT_CONVERSION = YES;
				CLANG_WARN_NON_LITERAL_NULL_CONVERSION = YES;
				CLANG_WARN_OBJC_IMPLICIT_RETAIN_SELF = YES;
				CLANG_WARN_OBJC_LITERAL_CONVERSION = YES;
				CLANG_WARN_OBJC_ROOT_CLASS = YES_ERROR;
				CLANG_WARN_RANGE_LOOP_ANALYSIS = YES;
				CLANG_WARN_STRICT_PROTOTYPES = YES;
				CLANG_WARN_SUSPICIOUS_MOVE = YES;
				CLANG_WARN_UNGUARDED_AVAILABILITY = YES_AGGRESSIVE;
				CLANG_WARN_UNREACHABLE_CODE = YES;
				CLANG_WARN__DUPLICATE_METHOD_MATCH = YES;
				COPY_PHASE_STRIP = NO;
				DEBUG_INFORMATION_FORMAT = dwarf;
				ENABLE_STRICT_OBJC_MSGSEND = YES;
				ENABLE_TESTABILITY = YES;
				GCC_C_LANGUAGE_STANDARD = gnu11;
				GCC_DYNAMIC_NO_PIC = NO;
				GCC_NO_COMMON_BLOCKS = YES;
				GCC_OPTIMIZATION_LEVEL = 0;
				GCC_PREPROCESSOR_DEFINITIONS = (
					"DEBUG=1",
					"$(inherited)",
				);
				GCC_WARN_64_TO_32_BIT_CONVERSION = YES;
				GCC_WARN_ABOUT_RETURN_TYPE = YES_ERROR;
				GCC_WARN_UNDECLARED_SELECTOR = YES;
				GCC_WARN_UNINITIALIZED_AUTOS = YES_AGGRESSIVE;
				GCC_WARN_UNUSED_FUNCTION = YES;
				GCC_WARN_UNUSED_VARIABLE = YES;
				MACOSX_DEPLOYMENT_TARGET = 10.15;
				MTL_ENABLE_DEBUG_INFO = INCLUDE_SOURCE;
				MTL_FAST_MATH = YES;
				ONLY_ACTIVE_ARCH = YES;
				SDKROOT = macosx;
				SWIFT_ACTIVE_COMPILATION_CONDITIONS = DEBUG;
				SWIFT_OPTIMIZATION_LEVEL = "-Onone";
			};
			name = Debug;
		};
		0312E009236B233200A8DD2B /* Release */ = {
			isa = XCBuildConfiguration;
			buildSettings = {
				ALWAYS_SEARCH_USER_PATHS = NO;
				CLANG_ANALYZER_NONNULL = YES;
				CLANG_ANALYZER_NUMBER_OBJECT_CONVERSION = YES_AGGRESSIVE;
				CLANG_CXX_LANGUAGE_STANDARD = "gnu++14";
				CLANG_CXX_LIBRARY = "libc++";
				CLANG_ENABLE_MODULES = YES;
				CLANG_ENABLE_OBJC_ARC = YES;
				CLANG_ENABLE_OBJC_WEAK = YES;
				CLANG_WARN_BLOCK_CAPTURE_AUTORELEASING = YES;
				CLANG_WARN_BOOL_CONVERSION = YES;
				CLANG_WARN_COMMA = YES;
				CLANG_WARN_CONSTANT_CONVERSION = YES;
				CLANG_WARN_DEPRECATED_OBJC_IMPLEMENTATIONS = YES;
				CLANG_WARN_DIRECT_OBJC_ISA_USAGE = YES_ERROR;
				CLANG_WARN_DOCUMENTATION_COMMENTS = YES;
				CLANG_WARN_EMPTY_BODY = YES;
				CLANG_WARN_ENUM_CONVERSION = YES;
				CLANG_WARN_INFINITE_RECURSION = YES;
				CLANG_WARN_INT_CONVERSION = YES;
				CLANG_WARN_NON_LITERAL_NULL_CONVERSION = YES;
				CLANG_WARN_OBJC_IMPLICIT_RETAIN_SELF = YES;
				CLANG_WARN_OBJC_LITERAL_CONVERSION = YES;
				CLANG_WARN_OBJC_ROOT_CLASS = YES_ERROR;
				CLANG_WARN_RANGE_LOOP_ANALYSIS = YES;
				CLANG_WARN_STRICT_PROTOTYPES = YES;
				CLANG_WARN_SUSPICIOUS_MOVE = YES;
				CLANG_WARN_UNGUARDED_AVAILABILITY = YES_AGGRESSIVE;
				CLANG_WARN_UNREACHABLE_CODE = YES;
				CLANG_WARN__DUPLICATE_METHOD_MATCH = YES;
				COPY_PHASE_STRIP = NO;
				DEBUG_INFORMATION_FORMAT = "dwarf-with-dsym";
				ENABLE_NS_ASSERTIONS = NO;
				ENABLE_STRICT_OBJC_MSGSEND = YES;
				GCC_C_LANGUAGE_STANDARD = gnu11;
				GCC_NO_COMMON_BLOCKS = YES;
				GCC_WARN_64_TO_32_BIT_CONVERSION = YES;
				GCC_WARN_ABOUT_RETURN_TYPE = YES_ERROR;
				GCC_WARN_UNDECLARED_SELECTOR = YES;
				GCC_WARN_UNINITIALIZED_AUTOS = YES_AGGRESSIVE;
				GCC_WARN_UNUSED_FUNCTION = YES;
				GCC_WARN_UNUSED_VARIABLE = YES;
				MACOSX_DEPLOYMENT_TARGET = 10.15;
				MTL_ENABLE_DEBUG_INFO = NO;
				MTL_FAST_MATH = YES;
				SDKROOT = macosx;
				SWIFT_COMPILATION_MODE = wholemodule;
				SWIFT_OPTIMIZATION_LEVEL = "-O";
			};
			name = Release;
		};
		0312E00B236B233200A8DD2B /* Debug */ = {
			isa = XCBuildConfiguration;
			buildSettings = {
				ASSETCATALOG_COMPILER_APPICON_NAME = AppIcon;
				CODE_SIGN_ENTITLEMENTS = wifi192/wifi192.entitlements;
				CODE_SIGN_STYLE = Automatic;
				COMBINE_HIDPI_IMAGES = YES;
				DEVELOPMENT_ASSET_PATHS = "\"wifi192/Preview Content\"";
				ENABLE_PREVIEWS = YES;
				INFOPLIST_FILE = wifi192/Info.plist;
				LD_RUNPATH_SEARCH_PATHS = (
					"$(inherited)",
					"@executable_path/../Frameworks",
				);
				MACOSX_DEPLOYMENT_TARGET = 10.15;
				PRODUCT_BUNDLE_IDENTIFIER = com.saytakov.wifi192;
				PRODUCT_NAME = "$(TARGET_NAME)";
				SWIFT_VERSION = 5.0;
			};
			name = Debug;
		};
		0312E00C236B233200A8DD2B /* Release */ = {
			isa = XCBuildConfiguration;
			buildSettings = {
				ASSETCATALOG_COMPILER_APPICON_NAME = AppIcon;
				CODE_SIGN_ENTITLEMENTS = wifi192/wifi192.entitlements;
				CODE_SIGN_STYLE = Automatic;
				COMBINE_HIDPI_IMAGES = YES;
				DEVELOPMENT_ASSET_PATHS = "\"wifi192/Preview Content\"";
				ENABLE_PREVIEWS = YES;
				INFOPLIST_FILE = wifi192/Info.plist;
				LD_RUNPATH_SEARCH_PATHS = (
					"$(inherited)",
					"@executable_path/../Frameworks",
				);
				MACOSX_DEPLOYMENT_TARGET = 10.15;
				PRODUCT_BUNDLE_IDENTIFIER = com.saytakov.wifi192;
				PRODUCT_NAME = "$(TARGET_NAME)";
				SWIFT_VERSION = 5.0;
			};
			name = Release;
		};
		03133ACF236C283700E86E0F /* Debug */ = {
			isa = XCBuildConfiguration;
			buildSettings = {
				ASSETCATALOG_COMPILER_APPICON_NAME = AppIcon;
				CODE_SIGN_STYLE = Automatic;
				CURRENT_PROJECT_VERSION = 1010;
				DEVELOPMENT_ASSET_PATHS = "\"wifi192-ios/Preview Content\"";
				DEVELOPMENT_TEAM = Y5P7AX9UM2;
				ENABLE_PREVIEWS = YES;
				INFOPLIST_FILE = "wifi192-ios/Info.plist";
				IPHONEOS_DEPLOYMENT_TARGET = 13.1;
				LD_RUNPATH_SEARCH_PATHS = (
					"$(inherited)",
					"@executable_path/Frameworks",
				);
				PRODUCT_BUNDLE_IDENTIFIER = com.refmnply.refmnply;
				PRODUCT_NAME = "$(TARGET_NAME)";
				SDKROOT = iphoneos;
				SWIFT_VERSION = 5.0;
				TARGETED_DEVICE_FAMILY = 1;
			};
			name = Debug;
		};
		03133AD0236C283700E86E0F /* Release */ = {
			isa = XCBuildConfiguration;
			buildSettings = {
				ASSETCATALOG_COMPILER_APPICON_NAME = AppIcon;
				CODE_SIGN_STYLE = Automatic;
				CURRENT_PROJECT_VERSION = 1010;
				DEVELOPMENT_ASSET_PATHS = "\"wifi192-ios/Preview Content\"";
				DEVELOPMENT_TEAM = Y5P7AX9UM2;
				ENABLE_PREVIEWS = YES;
				INFOPLIST_FILE = "wifi192-ios/Info.plist";
				IPHONEOS_DEPLOYMENT_TARGET = 13.1;
				LD_RUNPATH_SEARCH_PATHS = (
					"$(inherited)",
					"@executable_path/Frameworks",
				);
				PRODUCT_BUNDLE_IDENTIFIER = com.refmnply.refmnply;
				PRODUCT_NAME = "$(TARGET_NAME)";
				SDKROOT = iphoneos;
				SWIFT_VERSION = 5.0;
				TARGETED_DEVICE_FAMILY = 1;
				VALIDATE_PRODUCT = YES;
			};
			name = Release;
		};
/* End XCBuildConfiguration section */

/* Begin XCConfigurationList section */
		0312DFF2236B233100A8DD2B /* Build configuration list for PBXProject "wifi192" */ = {
			isa = XCConfigurationList;
			buildConfigurations = (
				0312E008236B233200A8DD2B /* Debug */,
				0312E009236B233200A8DD2B /* Release */,
			);
			defaultConfigurationIsVisible = 0;
			defaultConfigurationName = Release;
		};
		0312E00A236B233200A8DD2B /* Build configuration list for PBXNativeTarget "wifi192" */ = {
			isa = XCConfigurationList;
			buildConfigurations = (
				0312E00B236B233200A8DD2B /* Debug */,
				0312E00C236B233200A8DD2B /* Release */,
			);
			defaultConfigurationIsVisible = 0;
			defaultConfigurationName = Release;
		};
		03133AD1236C283700E86E0F /* Build configuration list for PBXNativeTarget "wifi192-ios" */ = {
			isa = XCConfigurationList;
			buildConfigurations = (
				03133ACF236C283700E86E0F /* Debug */,
				03133AD0236C283700E86E0F /* Release */,
			);
			defaultConfigurationIsVisible = 0;
			defaultConfigurationName = Release;
		};
/* End XCConfigurationList section */
	};
	rootObject = 0312DFEF236B233100A8DD2B /* Project object */;
}
